
Microsoft Visual Studio Solution File, Format Version 12.00
# Visual Studio Version 17
VisualStudioVersion = 17.7.34024.191
MinimumVisualStudioVersion = 10.0.40219.1
Project("{8BC9CEB8-8B4A-11D0-8D11-00A0C91BC942}") = "Text Input", "Text Input\Text Input.vcxproj", "{A8AB41F3-171C-415B-B127-0606986F96BE}"
EndProject
Global
	GlobalSection(SolutionConfigurationPlatforms) = preSolution
		Debug|x64 = Debug|x64
		Debug|x86 = Debug|x86
		Release|x64 = Release|x64
		Release|x86 = Release|x86
	EndGlobalSection
	GlobalSection(ProjectConfigurationPlatforms) = postSolution
		{A8AB41F3-171C-415B-B127-0606986F96BE}.Debug|x64.ActiveCfg = Debug|x64
		{A8AB41F3-171C-415B-B127-0606986F96BE}.Debug|x64.Build.0 = Debug|x64
		{A8AB41F3-171C-415B-B127-0606986F96BE}.Debug|x86.ActiveCfg = Debug|Win32
		{A8AB41F3-171C-415B-B127-0606986F96BE}.Debug|x86.Build.0 = Debug|Win32
		{A8AB41F3-171C-415B-B127-0606986F96BE}.Release|x64.ActiveCfg = Release|x64
		{A8AB41F3-171C-415B-B127-0606986F96BE}.Release|x64.Build.0 = Release|x64
		{A8AB41F3-171C-415B-B127-0606986F96BE}.Release|x86.ActiveCfg = Release|Win32
		{A8AB41F3-171C-415B-B127-0606986F96BE}.Release|x86.Build.0 = Release|Win32
	EndGlobalSection
	GlobalSection(SolutionProperties) = preSolution
		HideSolutionNode = FALSE
	EndGlobalSection
	GlobalSection(ExtensibilityGlobals) = postSolution
		SolutionGuid = {FE6EB276-5D02-477D-BB93-C0AF2E7ECAB6}
	EndGlobalSection
EndGlobal
